// !$*UTF8*$!
{
	archiveVersion = 1;
	classes = {
	};
	objectVersion = 50;
	objects = {

/* Begin PBXBuildFile section */
		5E585610231F629500A0D288 /* AppDelegate.swift in Sources */ = {isa = PBXBuildFile; fileRef = 5E58560F231F629500A0D288 /* AppDelegate.swift */; };
		5E585612231F629500A0D288 /* ViewController.swift in Sources */ = {isa = PBXBuildFile; fileRef = 5E585611231F629500A0D288 /* ViewController.swift */; };
		5E585615231F629500A0D288 /* Main.storyboard in Resources */ = {isa = PBXBuildFile; fileRef = 5E585613231F629500A0D288 /* Main.storyboard */; };
		5E585617231F629700A0D288 /* Assets.xcassets in Resources */ = {isa = PBXBuildFile; fileRef = 5E585616231F629700A0D288 /* Assets.xcassets */; };
		5E58561A231F629700A0D288 /* LaunchScreen.storyboard in Resources */ = {isa = PBXBuildFile; fileRef = 5E585618231F629700A0D288 /* LaunchScreen.storyboard */; };
		5E585625231F629700A0D288 /* pulseProjectTests.swift in Sources */ = {isa = PBXBuildFile; fileRef = 5E585624231F629700A0D288 /* pulseProjectTests.swift */; };
		5E585630231F629700A0D288 /* pulseProjectUITests.swift in Sources */ = {isa = PBXBuildFile; fileRef = 5E58562F231F629700A0D288 /* pulseProjectUITests.swift */; };
/* End PBXBuildFile section */

/* Begin PBXContainerItemProxy section */
		5E585621231F629700A0D288 /* PBXContainerItemProxy */ = {
			isa = PBXContainerItemProxy;
			containerPortal = 5E585604231F629500A0D288 /* Project object */;
			proxyType = 1;
			remoteGlobalIDString = 5E58560B231F629500A0D288;
			remoteInfo = pulseProject;
		};
		5E58562C231F629700A0D288 /* PBXContainerItemProxy */ = {
			isa = PBXContainerItemProxy;
			containerPortal = 5E585604231F629500A0D288 /* Project object */;
			proxyType = 1;
			remoteGlobalIDString = 5E58560B231F629500A0D288;
			remoteInfo = pulseProject;
		};
/* End PBXContainerItemProxy section */

/* Begin PBXFileReference section */
		5E58560C231F629500A0D288 /* pulseProject.app */ = {isa = PBXFileReference; explicitFileType = wrapper.application; includeInIndex = 0; path = pulseProject.app; sourceTree = BUILT_PRODUCTS_DIR; };
		5E58560F231F629500A0D288 /* AppDelegate.swift */ = {isa = PBXFileReference; lastKnownFileType = sourcecode.swift; path = AppDelegate.swift; sourceTree = "<group>"; };
		5E585611231F629500A0D288 /* ViewController.swift */ = {isa = PBXFileReference; lastKnownFileType = sourcecode.swift; path = ViewController.swift; sourceTree = "<group>"; };
		5E585614231F629500A0D288 /* Base */ = {isa = PBXFileReference; lastKnownFileType = file.storyboard; name = Base; path = Base.lproj/Main.storyboard; sourceTree = "<group>"; };
		5E585616231F629700A0D288 /* Assets.xcassets */ = {isa = PBXFileReference; lastKnownFileType = folder.assetcatalog; path = Assets.xcassets; sourceTree = "<group>"; };
		5E585619231F629700A0D288 /* Base */ = {isa = PBXFileReference; lastKnownFileType = file.storyboard; name = Base; path = Base.lproj/LaunchScreen.storyboard; sourceTree = "<group>"; };
		5E58561B231F629700A0D288 /* Info.plist */ = {isa = PBXFileReference; lastKnownFileType = text.plist.xml; path = Info.plist; sourceTree = "<group>"; };
		5E585620231F629700A0D288 /* pulseProjectTests.xctest */ = {isa = PBXFileReference; explicitFileType = wrapper.cfbundle; includeInIndex = 0; path = pulseProjectTests.xctest; sourceTree = BUILT_PRODUCTS_DIR; };
		5E585624231F629700A0D288 /* pulseProjectTests.swift */ = {isa = PBXFileReference; lastKnownFileType = sourcecode.swift; path = pulseProjectTests.swift; sourceTree = "<group>"; };
		5E585626231F629700A0D288 /* Info.plist */ = {isa = PBXFileReference; lastKnownFileType = text.plist.xml; path = Info.plist; sourceTree = "<group>"; };
		5E58562B231F629700A0D288 /* pulseProjectUITests.xctest */ = {isa = PBXFileReference; explicitFileType = wrapper.cfbundle; includeInIndex = 0; path = pulseProjectUITests.xctest; sourceTree = BUILT_PRODUCTS_DIR; };
		5E58562F231F629700A0D288 /* pulseProjectUITests.swift */ = {isa = PBXFileReference; lastKnownFileType = sourcecode.swift; path = pulseProjectUITests.swift; sourceTree = "<group>"; };
		5E585631231F629700A0D288 /* Info.plist */ = {isa = PBXFileReference; lastKnownFileType = text.plist.xml; path = Info.plist; sourceTree = "<group>"; };
/* End PBXFileReference section */

/* Begin PBXFrameworksBuildPhase section */
		5E585609231F629500A0D288 /* Frameworks */ = {
			isa = PBXFrameworksBuildPhase;
			buildActionMask = 2147483647;
			files = (
			);
			runOnlyForDeploymentPostprocessing = 0;
		};
		5E58561D231F629700A0D288 /* Frameworks */ = {
			isa = PBXFrameworksBuildPhase;
			buildActionMask = 2147483647;
			files = (
			);
			runOnlyForDeploymentPostprocessing = 0;
		};
		5E585628231F629700A0D288 /* Frameworks */ = {
			isa = PBXFrameworksBuildPhase;
			buildActionMask = 2147483647;
			files = (
			);
			runOnlyForDeploymentPostprocessing = 0;
		};
/* End PBXFrameworksBuildPhase section */

/* Begin PBXGroup section */
		5E585603231F629500A0D288 = {
			isa = PBXGroup;
			children = (
				5E58560E231F629500A0D288 /* pulseProject */,
				5E585623231F629700A0D288 /* pulseProjectTests */,
				5E58562E231F629700A0D288 /* pulseProjectUITests */,
				5E58560D231F629500A0D288 /* Products */,
			);
			sourceTree = "<group>";
		};
		5E58560D231F629500A0D288 /* Products */ = {
			isa = PBXGroup;
			children = (
				5E58560C231F629500A0D288 /* pulseProject.app */,
				5E585620231F629700A0D288 /* pulseProjectTests.xctest */,
				5E58562B231F629700A0D288 /* pulseProjectUITests.xctest */,
			);
			name = Products;
			sourceTree = "<group>";
		};
		5E58560E231F629500A0D288 /* pulseProject */ = {
			isa = PBXGroup;
			children = (
				5E58560F231F629500A0D288 /* AppDelegate.swift */,
				5E585611231F629500A0D288 /* ViewController.swift */,
				5E585613231F629500A0D288 /* Main.storyboard */,
				5E585616231F629700A0D288 /* Assets.xcassets */,
				5E585618231F629700A0D288 /* LaunchScreen.storyboard */,
				5E58561B231F629700A0D288 /* Info.plist */,
			);
			path = pulseProject;
			sourceTree = "<group>";
		};
		5E585623231F629700A0D288 /* pulseProjectTests */ = {
			isa = PBXGroup;
			children = (
				5E585624231F629700A0D288 /* pulseProjectTests.swift */,
				5E585626231F629700A0D288 /* Info.plist */,
			);
			path = pulseProjectTests;
			sourceTree = "<group>";
		};
		5E58562E231F629700A0D288 /* pulseProjectUITests */ = {
			isa = PBXGroup;
			children = (
				5E58562F231F629700A0D288 /* pulseProjectUITests.swift */,
				5E585631231F629700A0D288 /* Info.plist */,
			);
			path = pulseProjectUITests;
			sourceTree = "<group>";
		};
/* End PBXGroup section */

/* Begin PBXNativeTarget section */
		5E58560B231F629500A0D288 /* pulseProject */ = {
			isa = PBXNativeTarget;
			buildConfigurationList = 5E585634231F629700A0D288 /* Build configuration list for PBXNativeTarget "pulseProject" */;
			buildPhases = (
				5E585608231F629500A0D288 /* Sources */,
				5E585609231F629500A0D288 /* Frameworks */,
				5E58560A231F629500A0D288 /* Resources */,
			);
			buildRules = (
			);
			dependencies = (
			);
			name = pulseProject;
			productName = pulseProject;
			productReference = 5E58560C231F629500A0D288 /* pulseProject.app */;
			productType = "com.apple.product-type.application";
		};
		5E58561F231F629700A0D288 /* pulseProjectTests */ = {
			isa = PBXNativeTarget;
			buildConfigurationList = 5E585637231F629700A0D288 /* Build configuration list for PBXNativeTarget "pulseProjectTests" */;
			buildPhases = (
				5E58561C231F629700A0D288 /* Sources */,
				5E58561D231F629700A0D288 /* Frameworks */,
				5E58561E231F629700A0D288 /* Resources */,
			);
			buildRules = (
			);
			dependencies = (
				5E585622231F629700A0D288 /* PBXTargetDependency */,
			);
			name = pulseProjectTests;
			productName = pulseProjectTests;
			productReference = 5E585620231F629700A0D288 /* pulseProjectTests.xctest */;
			productType = "com.apple.product-type.bundle.unit-test";
		};
		5E58562A231F629700A0D288 /* pulseProjectUITests */ = {
			isa = PBXNativeTarget;
			buildConfigurationList = 5E58563A231F629700A0D288 /* Build configuration list for PBXNativeTarget "pulseProjectUITests" */;
			buildPhases = (
				5E585627231F629700A0D288 /* Sources */,
				5E585628231F629700A0D288 /* Frameworks */,
				5E585629231F629700A0D288 /* Resources */,
			);
			buildRules = (
			);
			dependencies = (
				5E58562D231F629700A0D288 /* PBXTargetDependency */,
			);
			name = pulseProjectUITests;
			productName = pulseProjectUITests;
			productReference = 5E58562B231F629700A0D288 /* pulseProjectUITests.xctest */;
			productType = "com.apple.product-type.bundle.ui-testing";
		};
/* End PBXNativeTarget section */

/* Begin PBXProject section */
		5E585604231F629500A0D288 /* Project object */ = {
			isa = PBXProject;
			attributes = {
				LastSwiftUpdateCheck = 1010;
				LastUpgradeCheck = 1010;
				ORGANIZATIONNAME = "Madanu Jasmine Prescilla";
				TargetAttributes = {
					5E58560B231F629500A0D288 = {
						CreatedOnToolsVersion = 10.1;
					};
					5E58561F231F629700A0D288 = {
						CreatedOnToolsVersion = 10.1;
						TestTargetID = 5E58560B231F629500A0D288;
					};
					5E58562A231F629700A0D288 = {
						CreatedOnToolsVersion = 10.1;
						TestTargetID = 5E58560B231F629500A0D288;
					};
				};
			};
			buildConfigurationList = 5E585607231F629500A0D288 /* Build configuration list for PBXProject "pulseProject" */;
			compatibilityVersion = "Xcode 9.3";
			developmentRegion = en;
			hasScannedForEncodings = 0;
			knownRegions = (
				en,
				Base,
			);
			mainGroup = 5E585603231F629500A0D288;
			productRefGroup = 5E58560D231F629500A0D288 /* Products */;
			projectDirPath = "";
			projectRoot = "";
			targets = (
				5E58560B231F629500A0D288 /* pulseProject */,
				5E58561F231F629700A0D288 /* pulseProjectTests */,
				5E58562A231F629700A0D288 /* pulseProjectUITests */,
			);
		};
/* End PBXProject section */

/* Begin PBXResourcesBuildPhase section */
		5E58560A231F629500A0D288 /* Resources */ = {
			isa = PBXResourcesBuildPhase;
			buildActionMask = 2147483647;
			files = (
				5E58561A231F629700A0D288 /* LaunchScreen.storyboard in Resources */,
				5E585617231F629700A0D288 /* Assets.xcassets in Resources */,
				5E585615231F629500A0D288 /* Main.storyboard in Resources */,
			);
			runOnlyForDeploymentPostprocessing = 0;
		};
		5E58561E231F629700A0D288 /* Resources */ = {
			isa = PBXResourcesBuildPhase;
			buildActionMask = 2147483647;
			files = (
			);
			runOnlyForDeploymentPostprocessing = 0;
		};
		5E585629231F629700A0D288 /* Resources */ = {
			isa = PBXResourcesBuildPhase;
			buildActionMask = 2147483647;
			files = (
			);
			runOnlyForDeploymentPostprocessing = 0;
		};
/* End PBXResourcesBuildPhase section */

/* Begin PBXSourcesBuildPhase section */
		5E585608231F629500A0D288 /* Sources */ = {
			isa = PBXSourcesBuildPhase;
			buildActionMask = 2147483647;
			files = (
				5E585612231F629500A0D288 /* ViewController.swift in Sources */,
				5E585610231F629500A0D288 /* AppDelegate.swift in Sources */,
			);
			runOnlyForDeploymentPostprocessing = 0;
		};
		5E58561C231F629700A0D288 /* Sources */ = {
			isa = PBXSourcesBuildPhase;
			buildActionMask = 2147483647;
			files = (
				5E585625231F629700A0D288 /* pulseProjectTests.swift in Sources */,
			);
			runOnlyForDeploymentPostprocessing = 0;
		};
		5E585627231F629700A0D288 /* Sources */ = {
			isa = PBXSourcesBuildPhase;
			buildActionMask = 2147483647;
			files = (
				5E585630231F629700A0D288 /* pulseProjectUITests.swift in Sources */,
			);
			runOnlyForDeploymentPostprocessing = 0;
		};
/* End PBXSourcesBuildPhase section */

/* Begin PBXTargetDependency section */
		5E585622231F629700A0D288 /* PBXTargetDependency */ = {
			isa = PBXTargetDependency;
			target = 5E58560B231F629500A0D288 /* pulseProject */;
			targetProxy = 5E585621231F629700A0D288 /* PBXContainerItemProxy */;
		};
		5E58562D231F629700A0D288 /* PBXTargetDependency */ = {
			isa = PBXTargetDependency;
			target = 5E58560B231F629500A0D288 /* pulseProject */;
			targetProxy = 5E58562C231F629700A0D288 /* PBXContainerItemProxy */;
		};
/* End PBXTargetDependency section */

/* Begin PBXVariantGroup section */
		5E585613231F629500A0D288 /* Main.storyboard */ = {
			isa = PBXVariantGroup;
			children = (
				5E585614231F629500A0D288 /* Base */,
			);
			name = Main.storyboard;
			sourceTree = "<group>";
		};
		5E585618231F629700A0D288 /* LaunchScreen.storyboard */ = {
			isa = PBXVariantGroup;
			children = (
				5E585619231F629700A0D288 /* Base */,
			);
			name = LaunchScreen.storyboard;
			sourceTree = "<group>";
		};
/* End PBXVariantGroup section */

/* Begin XCBuildConfiguration section */
		5E585632231F629700A0D288 /* Debug */ = {
			isa = XCBuildConfiguration;
			buildSettings = {
				ALWAYS_SEARCH_USER_PATHS = NO;
				CLANG_ANALYZER_NONNULL = YES;
				CLANG_ANALYZER_NUMBER_OBJECT_CONVERSION = YES_AGGRESSIVE;
				CLANG_CXX_LANGUAGE_STANDARD = "gnu++14";
				CLANG_CXX_LIBRARY = "libc++";
				CLANG_ENABLE_MODULES = YES;
				CLANG_ENABLE_OBJC_ARC = YES;
				CLANG_ENABLE_OBJC_WEAK = YES;
				CLANG_WARN_BLOCK_CAPTURE_AUTORELEASING = YES;
				CLANG_WARN_BOOL_CONVERSION = YES;
				CLANG_WARN_COMMA = YES;
				CLANG_WARN_CONSTANT_CONVERSION = YES;
				CLANG_WARN_DEPRECATED_OBJC_IMPLEMENTATIONS = YES;
				CLANG_WARN_DIRECT_OBJC_ISA_USAGE = YES_ERROR;
				CLANG_WARN_DOCUMENTATION_COMMENTS = YES;
				CLANG_WARN_EMPTY_BODY = YES;
				CLANG_WARN_ENUM_CONVERSION = YES;
				CLANG_WARN_INFINITE_RECURSION = YES;
				CLANG_WARN_INT_CONVERSION = YES;
				CLANG_WARN_NON_LITERAL_NULL_CONVERSION = YES;
				CLANG_WARN_OBJC_IMPLICIT_RETAIN_SELF = YES;
				CLANG_WARN_OBJC_LITERAL_CONVERSION = YES;
				CLANG_WARN_OBJC_ROOT_CLASS = YES_ERROR;
				CLANG_WARN_RANGE_LOOP_ANALYSIS = YES;
				CLANG_WARN_STRICT_PROTOTYPES = YES;
				CLANG_WARN_SUSPICIOUS_MOVE = YES;
				CLANG_WARN_UNGUARDED_AVAILABILITY = YES_AGGRESSIVE;
				CLANG_WARN_UNREACHABLE_CODE = YES;
				CLANG_WARN__DUPLICATE_METHOD_MATCH = YES;
				CODE_SIGN_IDENTITY = "iPhone Developer";
				COPY_PHASE_STRIP = NO;
				DEBUG_INFORMATION_FORMAT = dwarf;
				ENABLE_STRICT_OBJC_MSGSEND = YES;
				ENABLE_TESTABILITY = YES;
				GCC_C_LANGUAGE_STANDARD = gnu11;
				GCC_DYNAMIC_NO_PIC = NO;
				GCC_NO_COMMON_BLOCKS = YES;
				GCC_OPTIMIZATION_LEVEL = 0;
				GCC_PREPROCESSOR_DEFINITIONS = (
					"DEBUG=1",
					"$(inherited)",
				);
				GCC_WARN_64_TO_32_BIT_CONVERSION = YES;
				GCC_WARN_ABOUT_RETURN_TYPE = YES_ERROR;
				GCC_WARN_UNDECLARED_SELECTOR = YES;
				GCC_WARN_UNINITIALIZED_AUTOS = YES_AGGRESSIVE;
				GCC_WARN_UNUSED_FUNCTION = YES;
				GCC_WARN_UNUSED_VARIABLE = YES;
				IPHONEOS_DEPLOYMENT_TARGET = 12.1;
				MTL_ENABLE_DEBUG_INFO = INCLUDE_SOURCE;
				MTL_FAST_MATH = YES;
				ONLY_ACTIVE_ARCH = YES;
				SDKROOT = iphoneos;
				SWIFT_ACTIVE_COMPILATION_CONDITIONS = DEBUG;
				SWIFT_OPTIMIZATION_LEVEL = "-Onone";
			};
			name = Debug;
		};
		5E585633231F629700A0D288 /* Release */ = {
			isa = XCBuildConfiguration;
			buildSettings = {
				ALWAYS_SEARCH_USER_PATHS = NO;
				CLANG_ANALYZER_NONNULL = YES;
				CLANG_ANALYZER_NUMBER_OBJECT_CONVERSION = YES_AGGRESSIVE;
				CLANG_CXX_LANGUAGE_STANDARD = "gnu++14";
				CLANG_CXX_LIBRARY = "libc++";
				CLANG_ENABLE_MODULES = YES;
				CLANG_ENABLE_OBJC_ARC = YES;
				CLANG_ENABLE_OBJC_WEAK = YES;
				CLANG_WARN_BLOCK_CAPTURE_AUTORELEASING = YES;
				CLANG_WARN_BOOL_CONVERSION = YES;
				CLANG_WARN_COMMA = YES;
				CLANG_WARN_CONSTANT_CONVERSION = YES;
				CLANG_WARN_DEPRECATED_OBJC_IMPLEMENTATIONS = YES;
				CLANG_WARN_DIRECT_OBJC_ISA_USAGE = YES_ERROR;
				CLANG_WARN_DOCUMENTATION_COMMENTS = YES;
				CLANG_WARN_EMPTY_BODY = YES;
				CLANG_WARN_ENUM_CONVERSION = YES;
				CLANG_WARN_INFINITE_RECURSION = YES;
				CLANG_WARN_INT_CONVERSION = YES;
				CLANG_WARN_NON_LITERAL_NULL_CONVERSION = YES;
				CLANG_WARN_OBJC_IMPLICIT_RETAIN_SELF = YES;
				CLANG_WARN_OBJC_LITERAL_CONVERSION = YES;
				CLANG_WARN_OBJC_ROOT_CLASS = YES_ERROR;
				CLANG_WARN_RANGE_LOOP_ANALYSIS = YES;
				CLANG_WARN_STRICT_PROTOTYPES = YES;
				CLANG_WARN_SUSPICIOUS_MOVE = YES;
				CLANG_WARN_UNGUARDED_AVAILABILITY = YES_AGGRESSIVE;
				CLANG_WARN_UNREACHABLE_CODE = YES;
				CLANG_WARN__DUPLICATE_METHOD_MATCH = YES;
				CODE_SIGN_IDENTITY = "iPhone Developer";
				COPY_PHASE_STRIP = NO;
				DEBUG_INFORMATION_FORMAT = "dwarf-with-dsym";
				ENABLE_NS_ASSERTIONS = NO;
				ENABLE_STRICT_OBJC_MSGSEND = YES;
				GCC_C_LANGUAGE_STANDARD = gnu11;
				GCC_NO_COMMON_BLOCKS = YES;
				GCC_WARN_64_TO_32_BIT_CONVERSION = YES;
				GCC_WARN_ABOUT_RETURN_TYPE = YES_ERROR;
				GCC_WARN_UNDECLARED_SELECTOR = YES;
				GCC_WARN_UNINITIALIZED_AUTOS = YES_AGGRESSIVE;
				GCC_WARN_UNUSED_FUNCTION = YES;
				GCC_WARN_UNUSED_VARIABLE = YES;
				IPHONEOS_DEPLOYMENT_TARGET = 12.1;
				MTL_ENABLE_DEBUG_INFO = NO;
				MTL_FAST_MATH = YES;
				SDKROOT = iphoneos;
				SWIFT_COMPILATION_MODE = wholemodule;
				SWIFT_OPTIMIZATION_LEVEL = "-O";
				VALIDATE_PRODUCT = YES;
			};
			name = Release;
		};
		5E585635231F629700A0D288 /* Debug */ = {
			isa = XCBuildConfiguration;
			buildSettings = {
				ASSETCATALOG_COMPILER_APPICON_NAME = AppIcon;
				CODE_SIGN_STYLE = Automatic;
				INFOPLIST_FILE = pulseProject/Info.plist;
				LD_RUNPATH_SEARCH_PATHS = (
					"$(inherited)",
					"@executable_path/Frameworks",
				);
				PRODUCT_BUNDLE_IDENTIFIER = BRN.pulseProject;
				PRODUCT_NAME = "$(TARGET_NAME)";
				SWIFT_VERSION = 4.2;
				TARGETED_DEVICE_FAMILY = "1,2";
			};
			name = Debug;
		};
		5E585636231F629700A0D288 /* Release */ = {
			isa = XCBuildConfiguration;
			buildSettings = {
				ASSETCATALOG_COMPILER_APPICON_NAME = AppIcon;
				CODE_SIGN_STYLE = Automatic;
				INFOPLIST_FILE = pulseProject/Info.plist;
				LD_RUNPATH_SEARCH_PATHS = (
					"$(inherited)",
					"@executable_path/Frameworks",
				);
				PRODUCT_BUNDLE_IDENTIFIER = BRN.pulseProject;
				PRODUCT_NAME = "$(TARGET_NAME)";
				SWIFT_VERSION = 4.2;
				TARGETED_DEVICE_FAMILY = "1,2";
			};
			name = Release;
		};
		5E585638231F629700A0D288 /* Debug */ = {
			isa = XCBuildConfiguration;
			buildSettings = {
				ALWAYS_EMBED_SWIFT_STANDARD_LIBRARIES = YES;
				BUNDLE_LOADER = "$(TEST_HOST)";
				CODE_SIGN_STYLE = Automatic;
				INFOPLIST_FILE = pulseProjectTests/Info.plist;
				LD_RUNPATH_SEARCH_PATHS = (
					"$(inherited)",
					"@executable_path/Frameworks",
					"@loader_path/Frameworks",
				);
				PRODUCT_BUNDLE_IDENTIFIER = BRN.pulseProjectTests;
				PRODUCT_NAME = "$(TARGET_NAME)";
				SWIFT_VERSION = 4.2;
				TARGETED_DEVICE_FAMILY = "1,2";
				TEST_HOST = "$(BUILT_PRODUCTS_DIR)/pulseProject.app/pulseProject";
			};
			name = Debug;
		};
		5E585639231F629700A0D288 /* Release */ = {
			isa = XCBuildConfiguration;
			buildSettings = {
				ALWAYS_EMBED_SWIFT_STANDARD_LIBRARIES = YES;
				BUNDLE_LOADER = "$(TEST_HOST)";
				CODE_SIGN_STYLE = Automatic;
				INFOPLIST_FILE = pulseProjectTests/Info.plist;
				LD_RUNPATH_SEARCH_PATHS = (
					"$(inherited)",
					"@executable_path/Frameworks",
					"@loader_path/Frameworks",
				);
				PRODUCT_BUNDLE_IDENTIFIER = BRN.pulseProjectTests;
				PRODUCT_NAME = "$(TARGET_NAME)";
				SWIFT_VERSION = 4.2;
				TARGETED_DEVICE_FAMILY = "1,2";
				TEST_HOST = "$(BUILT_PRODUCTS_DIR)/pulseProject.app/pulseProject";
			};
			name = Release;
		};
		5E58563B231F629700A0D288 /* Debug */ = {
			isa = XCBuildConfiguration;
			buildSettings = {
				ALWAYS_EMBED_SWIFT_STANDARD_LIBRARIES = YES;
				CODE_SIGN_STYLE = Automatic;
				INFOPLIST_FILE = pulseProjectUITests/Info.plist;
				LD_RUNPATH_SEARCH_PATHS = (
					"$(inherited)",
					"@executable_path/Frameworks",
					"@loader_path/Frameworks",
				);
				PRODUCT_BUNDLE_IDENTIFIER = BRN.pulseProjectUITests;
				PRODUCT_NAME = "$(TARGET_NAME)";
				SWIFT_VERSION = 4.2;
				TARGETED_DEVICE_FAMILY = "1,2";
				TEST_TARGET_NAME = pulseProject;
			};
			name = Debug;
		};
		5E58563C231F629700A0D288 /* Release */ = {
			isa = XCBuildConfiguration;
			buildSettings = {
				ALWAYS_EMBED_SWIFT_STANDARD_LIBRARIES = YES;
				CODE_SIGN_STYLE = Automatic;
				INFOPLIST_FILE = pulseProjectUITests/Info.plist;
				LD_RUNPATH_SEARCH_PATHS = (
					"$(inherited)",
					"@executable_path/Frameworks",
					"@loader_path/Frameworks",
				);
				PRODUCT_BUNDLE_IDENTIFIER = BRN.pulseProjectUITests;
				PRODUCT_NAME = "$(TARGET_NAME)";
				SWIFT_VERSION = 4.2;
				TARGETED_DEVICE_FAMILY = "1,2";
				TEST_TARGET_NAME = pulseProject;
			};
			name = Release;
		};
/* End XCBuildConfiguration section */

/* Begin XCConfigurationList section */
		5E585607231F629500A0D288 /* Build configuration list for PBXProject "pulseProject" */ = {
			isa = XCConfigurationList;
			buildConfigurations = (
				5E585632231F629700A0D288 /* Debug */,
				5E585633231F629700A0D288 /* Release */,
			);
			defaultConfigurationIsVisible = 0;
			defaultConfigurationName = Release;
		};
		5E585634231F629700A0D288 /* Build configuration list for PBXNativeTarget "pulseProject" */ = {
			isa = XCConfigurationList;
			buildConfigurations = (
				5E585635231F629700A0D288 /* Debug */,
				5E585636231F629700A0D288 /* Release */,
			);
			defaultConfigurationIsVisible = 0;
			defaultConfigurationName = Release;
		};
		5E585637231F629700A0D288 /* Build configuration list for PBXNativeTarget "pulseProjectTests" */ = {
			isa = XCConfigurationList;
			buildConfigurations = (
				5E585638231F629700A0D288 /* Debug */,
				5E585639231F629700A0D288 /* Release */,
			);
			defaultConfigurationIsVisible = 0;
			defaultConfigurationName = Release;
		};
		5E58563A231F629700A0D288 /* Build configuration list for PBXNativeTarget "pulseProjectUITests" */ = {
			isa = XCConfigurationList;
			buildConfigurations = (
				5E58563B231F629700A0D288 /* Debug */,
				5E58563C231F629700A0D288 /* Release */,
			);
			defaultConfigurationIsVisible = 0;
			defaultConfigurationName = Release;
		};
/* End XCConfigurationList section */
	};
	rootObject = 5E585604231F629500A0D288 /* Project object */;
}
